
Microsoft Visual Studio Solution File, Format Version 12.00
# Visual Studio Version 17
VisualStudioVersion = 17.8.34525.116
MinimumVisualStudioVersion = 10.0.40219.1
Project("{9A19103F-16F7-4668-BE54-9A1E7A4F7556}") = "Introduction", "1.Create Simple Pages in an ASP.NET Core App\Introduction.csproj", "{DB1CF1C7-7B23-4E59-82E2-60B7882CD28A}"
EndProject
Global
	GlobalSection(SolutionConfigurationPlatforms) = preSolution
		Debug|Any CPU = Debug|Any CPU
		Release|Any CPU = Release|Any CPU
	EndGlobalSection
	GlobalSection(ProjectConfigurationPlatforms) = postSolution
		{DB1CF1C7-7B23-4E59-82E2-60B7882CD28A}.Debug|Any CPU.ActiveCfg = Debug|Any CPU
		{DB1CF1C7-7B23-4E59-82E2-60B7882CD28A}.Debug|Any CPU.Build.0 = Debug|Any CPU
		{DB1CF1C7-7B23-4E59-82E2-60B7882CD28A}.Release|Any CPU.ActiveCfg = Release|Any CPU
		{DB1CF1C7-7B23-4E59-82E2-60B7882CD28A}.Release|Any CPU.Build.0 = Release|Any CPU
	EndGlobalSection
	GlobalSection(SolutionProperties) = preSolution
		HideSolutionNode = FALSE
	EndGlobalSection
	GlobalSection(ExtensibilityGlobals) = postSolution
		SolutionGuid = {0618401E-48B5-4A20-B468-085C79E412D8}
	EndGlobalSection
EndGlobal
